
Microsoft Visual Studio Solution File, Format Version 12.00
# Visual Studio Version 17
VisualStudioVersion = 17.8.34525.116
MinimumVisualStudioVersion = 10.0.40219.1
Project("{9A19103F-16F7-4668-BE54-9A1E7A4F7556}") = "Catalog.API", "Services\Catalog\Catalog.API\Catalog.API.csproj", "{E8FA437C-FDF4-4EFF-970B-C8BC263E3ABF}"
	ProjectSection(ProjectDependencies) = postProject
		{653EB27A-F037-4D74-8AB6-144E5D56E21F} = {653EB27A-F037-4D74-8AB6-144E5D56E21F}
	EndProjectSection
EndProject
Project("{2150E333-8FDC-42A3-9474-1A3956D46DE8}") = "Services", "Services", "{22DEC50D-5DD0-467F-9520-E3C3DE057426}"
EndProject
Project("{2150E333-8FDC-42A3-9474-1A3956D46DE8}") = "Catalog", "Catalog", "{A27FD0F8-877F-4A81-AADD-1F2FB03E5638}"
EndProject
Project("{2150E333-8FDC-42A3-9474-1A3956D46DE8}") = "BuildingBlocks", "BuildingBlocks", "{4B68BD3B-AEC5-4E00-AF4E-6ED5D8507F88}"
EndProject
Project("{9A19103F-16F7-4668-BE54-9A1E7A4F7556}") = "BuildingBlocks", "BuildingBlocks\BuildingBlocks\BuildingBlocks.csproj", "{27FC2D07-A011-454B-AF8B-DFA73BC09035}"
EndProject
Project("{E53339B2-1760-4266-BCC7-CA923CBCF16C}") = "docker-compose", "docker-compose.dcproj", "{653EB27A-F037-4D74-8AB6-144E5D56E21F}"
EndProject
Project("{2150E333-8FDC-42A3-9474-1A3956D46DE8}") = "Basket", "Basket", "{C5CBEA33-BB59-48AA-9BC8-73C87588DFAC}"
EndProject
Project("{9A19103F-16F7-4668-BE54-9A1E7A4F7556}") = "Basket.API", "Services\Basket\Basket.API\Basket.API.csproj", "{81EBD799-819D-40EB-9262-179DB126E257}"
EndProject
Project("{2150E333-8FDC-42A3-9474-1A3956D46DE8}") = "Discount", "Discount", "{47F93169-6373-43F5-9B96-2DACA5136ACE}"
EndProject
Project("{9A19103F-16F7-4668-BE54-9A1E7A4F7556}") = "Discount.Grpc", "Services\Discount\Discount.Grpc\Discount.Grpc.csproj", "{BE347EA0-E333-4BE9-ABC4-CB99237EA006}"
EndProject
Project("{2150E333-8FDC-42A3-9474-1A3956D46DE8}") = "Ordening", "Ordening", "{2A0F2944-601C-4A57-AAD8-B6EB218EF377}"
EndProject
Project("{FAE04EC0-301F-11D3-BF4B-00C04F79EFBC}") = "Ordening.API", "Services\Ordening\Ordening.API\Ordening.API.csproj", "{B4A48C83-B12B-4959-81CF-D3E250C95E95}"
EndProject
Global
	GlobalSection(SolutionConfigurationPlatforms) = preSolution
		Debug|Any CPU = Debug|Any CPU
		Release|Any CPU = Release|Any CPU
	EndGlobalSection
	GlobalSection(ProjectConfigurationPlatforms) = postSolution
		{E8FA437C-FDF4-4EFF-970B-C8BC263E3ABF}.Debug|Any CPU.ActiveCfg = Debug|Any CPU
		{E8FA437C-FDF4-4EFF-970B-C8BC263E3ABF}.Debug|Any CPU.Build.0 = Debug|Any CPU
		{E8FA437C-FDF4-4EFF-970B-C8BC263E3ABF}.Release|Any CPU.ActiveCfg = Release|Any CPU
		{E8FA437C-FDF4-4EFF-970B-C8BC263E3ABF}.Release|Any CPU.Build.0 = Release|Any CPU
		{27FC2D07-A011-454B-AF8B-DFA73BC09035}.Debug|Any CPU.ActiveCfg = Debug|Any CPU
		{27FC2D07-A011-454B-AF8B-DFA73BC09035}.Debug|Any CPU.Build.0 = Debug|Any CPU
		{27FC2D07-A011-454B-AF8B-DFA73BC09035}.Release|Any CPU.ActiveCfg = Release|Any CPU
		{27FC2D07-A011-454B-AF8B-DFA73BC09035}.Release|Any CPU.Build.0 = Release|Any CPU
		{653EB27A-F037-4D74-8AB6-144E5D56E21F}.Debug|Any CPU.ActiveCfg = Debug|Any CPU
		{653EB27A-F037-4D74-8AB6-144E5D56E21F}.Debug|Any CPU.Build.0 = Debug|Any CPU
		{653EB27A-F037-4D74-8AB6-144E5D56E21F}.Release|Any CPU.ActiveCfg = Release|Any CPU
		{653EB27A-F037-4D74-8AB6-144E5D56E21F}.Release|Any CPU.Build.0 = Release|Any CPU
		{81EBD799-819D-40EB-9262-179DB126E257}.Debug|Any CPU.ActiveCfg = Debug|Any CPU
		{81EBD799-819D-40EB-9262-179DB126E257}.Debug|Any CPU.Build.0 = Debug|Any CPU
		{81EBD799-819D-40EB-9262-179DB126E257}.Release|Any CPU.ActiveCfg = Release|Any CPU
		{81EBD799-819D-40EB-9262-179DB126E257}.Release|Any CPU.Build.0 = Release|Any CPU
		{BE347EA0-E333-4BE9-ABC4-CB99237EA006}.Debug|Any CPU.ActiveCfg = Debug|Any CPU
		{BE347EA0-E333-4BE9-ABC4-CB99237EA006}.Debug|Any CPU.Build.0 = Debug|Any CPU
		{BE347EA0-E333-4BE9-ABC4-CB99237EA006}.Release|Any CPU.ActiveCfg = Release|Any CPU
		{BE347EA0-E333-4BE9-ABC4-CB99237EA006}.Release|Any CPU.Build.0 = Release|Any CPU
		{B4A48C83-B12B-4959-81CF-D3E250C95E95}.Debug|Any CPU.ActiveCfg = Debug|Any CPU
		{B4A48C83-B12B-4959-81CF-D3E250C95E95}.Debug|Any CPU.Build.0 = Debug|Any CPU
		{B4A48C83-B12B-4959-81CF-D3E250C95E95}.Release|Any CPU.ActiveCfg = Release|Any CPU
		{B4A48C83-B12B-4959-81CF-D3E250C95E95}.Release|Any CPU.Build.0 = Release|Any CPU
	EndGlobalSection
	GlobalSection(SolutionProperties) = preSolution
		HideSolutionNode = FALSE
	EndGlobalSection
	GlobalSection(NestedProjects) = preSolution
		{E8FA437C-FDF4-4EFF-970B-C8BC263E3ABF} = {A27FD0F8-877F-4A81-AADD-1F2FB03E5638}
		{A27FD0F8-877F-4A81-AADD-1F2FB03E5638} = {22DEC50D-5DD0-467F-9520-E3C3DE057426}
		{27FC2D07-A011-454B-AF8B-DFA73BC09035} = {4B68BD3B-AEC5-4E00-AF4E-6ED5D8507F88}
		{C5CBEA33-BB59-48AA-9BC8-73C87588DFAC} = {22DEC50D-5DD0-467F-9520-E3C3DE057426}
		{81EBD799-819D-40EB-9262-179DB126E257} = {C5CBEA33-BB59-48AA-9BC8-73C87588DFAC}
		{47F93169-6373-43F5-9B96-2DACA5136ACE} = {22DEC50D-5DD0-467F-9520-E3C3DE057426}
		{BE347EA0-E333-4BE9-ABC4-CB99237EA006} = {47F93169-6373-43F5-9B96-2DACA5136ACE}
		{2A0F2944-601C-4A57-AAD8-B6EB218EF377} = {22DEC50D-5DD0-467F-9520-E3C3DE057426}
		{B4A48C83-B12B-4959-81CF-D3E250C95E95} = {2A0F2944-601C-4A57-AAD8-B6EB218EF377}
	EndGlobalSection
	GlobalSection(ExtensibilityGlobals) = postSolution
		SolutionGuid = {F4891C49-BD79-48A3-BBC8-947E249CFF69}
	EndGlobalSection
EndGlobal
